
Microsoft Visual Studio Solution File, Format Version 12.00
# Visual Studio Version 17
VisualStudioVersion = 17.11.35208.52
MinimumVisualStudioVersion = 10.0.40219.1
Project("{FAE04EC0-301F-11D3-BF4B-00C04F79EFBC}") = "TflJourneyPlanner", "TflJourneyPlanner\TflJourneyPlanner.csproj", "{F13F7D78-5096-4A77-934E-4746121899FB}"
EndProject
Global
	GlobalSection(SolutionConfigurationPlatforms) = preSolution
		Debug|Any CPU = Debug|Any CPU
		Release|Any CPU = Release|Any CPU
	EndGlobalSection
	GlobalSection(ProjectConfigurationPlatforms) = postSolution
		{F13F7D78-5096-4A77-934E-4746121899FB}.Debug|Any CPU.ActiveCfg = Debug|Any CPU
		{F13F7D78-5096-4A77-934E-4746121899FB}.Debug|Any CPU.Build.0 = Debug|Any CPU
		{F13F7D78-5096-4A77-934E-4746121899FB}.Release|Any CPU.ActiveCfg = Release|Any CPU
		{F13F7D78-5096-4A77-934E-4746121899FB}.Release|Any CPU.Build.0 = Release|Any CPU
	EndGlobalSection
	GlobalSection(SolutionProperties) = preSolution
		HideSolutionNode = FALSE
	EndGlobalSection
	GlobalSection(ExtensibilityGlobals) = postSolution
		SolutionGuid = {47145902-9FF4-408B-90B1-12EB67FF02A8}
	EndGlobalSection
EndGlobal
